
Microsoft Visual Studio Solution File, Format Version 12.00
# Visual Studio Version 17
VisualStudioVersion = 17.9.34723.18
MinimumVisualStudioVersion = 10.0.40219.1
Project("{888888A0-9F3D-457C-B088-3A5042F75D52}") = "Backloggd Series Rating Finder", "Backloggd Series Rating Finder\Backloggd Series Rating Finder.pyproj", "{A90AC3D8-DC90-4FAD-87A9-B55DD49B9EDB}"
EndProject
Global
	GlobalSection(SolutionConfigurationPlatforms) = preSolution
		Debug|Any CPU = Debug|Any CPU
		Release|Any CPU = Release|Any CPU
	EndGlobalSection
	GlobalSection(ProjectConfigurationPlatforms) = postSolution
		{A90AC3D8-DC90-4FAD-87A9-B55DD49B9EDB}.Debug|Any CPU.ActiveCfg = Debug|Any CPU
		{A90AC3D8-DC90-4FAD-87A9-B55DD49B9EDB}.Release|Any CPU.ActiveCfg = Release|Any CPU
	EndGlobalSection
	GlobalSection(SolutionProperties) = preSolution
		HideSolutionNode = FALSE
	EndGlobalSection
	GlobalSection(ExtensibilityGlobals) = postSolution
		SolutionGuid = {BA243689-9975-4172-B387-33B7337F38FF}
	EndGlobalSection
EndGlobal
